
Microsoft Visual Studio Solution File, Format Version 12.00
# Visual Studio Version 17
VisualStudioVersion = 17.4.33110.190
MinimumVisualStudioVersion = 10.0.40219.1
Project("{FAE04EC0-301F-11D3-BF4B-00C04F79EFBC}") = "ExtruderHesap", "ExtruderHesap.csproj", "{09229B14-2828-4FF6-A50D-C0B3B95060D4}"
EndProject
Global
	GlobalSection(SolutionConfigurationPlatforms) = preSolution
		Debug|Any CPU = Debug|Any CPU
		Release|Any CPU = Release|Any CPU
	EndGlobalSection
	GlobalSection(ProjectConfigurationPlatforms) = postSolution
		{09229B14-2828-4FF6-A50D-C0B3B95060D4}.Debug|Any CPU.ActiveCfg = Debug|Any CPU
		{09229B14-2828-4FF6-A50D-C0B3B95060D4}.Debug|Any CPU.Build.0 = Debug|Any CPU
		{09229B14-2828-4FF6-A50D-C0B3B95060D4}.Release|Any CPU.ActiveCfg = Release|Any CPU
		{09229B14-2828-4FF6-A50D-C0B3B95060D4}.Release|Any CPU.Build.0 = Release|Any CPU
	EndGlobalSection
	GlobalSection(SolutionProperties) = preSolution
		HideSolutionNode = FALSE
	EndGlobalSection
	GlobalSection(ExtensibilityGlobals) = postSolution
		SolutionGuid = {CC8ABDA9-9347-46D1-8B10-9C4887512160}
	EndGlobalSection
EndGlobal
